// !$*UTF8*$!
{
	archiveVersion = 1;
	classes = {
	};
	objectVersion = 50;
	objects = {

/* Begin PBXBuildFile section */
		550B9E4B2636A52B00CA8613 /* AppDelegate.swift in Sources */ = {isa = PBXBuildFile; fileRef = 550B9E4A2636A52B00CA8613 /* AppDelegate.swift */; };
		550B9E4D2636A52B00CA8613 /* SceneDelegate.swift in Sources */ = {isa = PBXBuildFile; fileRef = 550B9E4C2636A52B00CA8613 /* SceneDelegate.swift */; };
		550B9E4F2636A52B00CA8613 /* ViewController.swift in Sources */ = {isa = PBXBuildFile; fileRef = 550B9E4E2636A52B00CA8613 /* ViewController.swift */; };
		550B9E522636A52B00CA8613 /* Main.storyboard in Resources */ = {isa = PBXBuildFile; fileRef = 550B9E502636A52B00CA8613 /* Main.storyboard */; };
		550B9E542636A52D00CA8613 /* Assets.xcassets in Resources */ = {isa = PBXBuildFile; fileRef = 550B9E532636A52D00CA8613 /* Assets.xcassets */; };
		550B9E572636A52D00CA8613 /* LaunchScreen.storyboard in Resources */ = {isa = PBXBuildFile; fileRef = 550B9E552636A52D00CA8613 /* LaunchScreen.storyboard */; };
		550B9E662636A6F500CA8613 /* video.MP4 in Resources */ = {isa = PBXBuildFile; fileRef = 550B9E652636A6F500CA8613 /* video.MP4 */; };
		550B9EAA2636BAB800CA8613 /* VideoRangeSlider.swift in Sources */ = {isa = PBXBuildFile; fileRef = 550B9EA92636BAB800CA8613 /* VideoRangeSlider.swift */; };
		550B9EB22636BB3700CA8613 /* VideoThumbnailsManager.swift in Sources */ = {isa = PBXBuildFile; fileRef = 550B9EB12636BB3700CA8613 /* VideoThumbnailsManager.swift */; };
		550B9EB52636BB6800CA8613 /* ABVideoHelper.swift in Sources */ = {isa = PBXBuildFile; fileRef = 550B9EB42636BB6800CA8613 /* ABVideoHelper.swift */; };
		550B9EB82636BB7D00CA8613 /* ABProgressIndicator.swift in Sources */ = {isa = PBXBuildFile; fileRef = 550B9EB72636BB7D00CA8613 /* ABProgressIndicator.swift */; };
/* End PBXBuildFile section */

/* Begin PBXFileReference section */
		550B9E472636A52B00CA8613 /* VideoRangeSlider.app */ = {isa = PBXFileReference; explicitFileType = wrapper.application; includeInIndex = 0; path = VideoRangeSlider.app; sourceTree = BUILT_PRODUCTS_DIR; };
		550B9E4A2636A52B00CA8613 /* AppDelegate.swift */ = {isa = PBXFileReference; lastKnownFileType = sourcecode.swift; path = AppDelegate.swift; sourceTree = "<group>"; };
		550B9E4C2636A52B00CA8613 /* SceneDelegate.swift */ = {isa = PBXFileReference; lastKnownFileType = sourcecode.swift; path = SceneDelegate.swift; sourceTree = "<group>"; };
		550B9E4E2636A52B00CA8613 /* ViewController.swift */ = {isa = PBXFileReference; lastKnownFileType = sourcecode.swift; path = ViewController.swift; sourceTree = "<group>"; };
		550B9E512636A52B00CA8613 /* Base */ = {isa = PBXFileReference; lastKnownFileType = file.storyboard; name = Base; path = Base.lproj/Main.storyboard; sourceTree = "<group>"; };
		550B9E532636A52D00CA8613 /* Assets.xcassets */ = {isa = PBXFileReference; lastKnownFileType = folder.assetcatalog; path = Assets.xcassets; sourceTree = "<group>"; };
		550B9E562636A52D00CA8613 /* Base */ = {isa = PBXFileReference; lastKnownFileType = file.storyboard; name = Base; path = Base.lproj/LaunchScreen.storyboard; sourceTree = "<group>"; };
		550B9E582636A52D00CA8613 /* Info.plist */ = {isa = PBXFileReference; lastKnownFileType = text.plist.xml; path = Info.plist; sourceTree = "<group>"; };
		550B9E652636A6F500CA8613 /* video.MP4 */ = {isa = PBXFileReference; lastKnownFileType = file; path = video.MP4; sourceTree = "<group>"; };
		550B9EA92636BAB800CA8613 /* VideoRangeSlider.swift */ = {isa = PBXFileReference; lastKnownFileType = sourcecode.swift; path = VideoRangeSlider.swift; sourceTree = "<group>"; };
		550B9EB12636BB3700CA8613 /* VideoThumbnailsManager.swift */ = {isa = PBXFileReference; lastKnownFileType = sourcecode.swift; path = VideoThumbnailsManager.swift; sourceTree = "<group>"; };
		550B9EB42636BB6800CA8613 /* ABVideoHelper.swift */ = {isa = PBXFileReference; fileEncoding = 4; lastKnownFileType = sourcecode.swift; path = ABVideoHelper.swift; sourceTree = "<group>"; };
		550B9EB72636BB7D00CA8613 /* ABProgressIndicator.swift */ = {isa = PBXFileReference; fileEncoding = 4; lastKnownFileType = sourcecode.swift; path = ABProgressIndicator.swift; sourceTree = "<group>"; };
/* End PBXFileReference section */

/* Begin PBXFrameworksBuildPhase section */
		550B9E442636A52B00CA8613 /* Frameworks */ = {
			isa = PBXFrameworksBuildPhase;
			buildActionMask = 2147483647;
			files = (
			);
			runOnlyForDeploymentPostprocessing = 0;
		};
/* End PBXFrameworksBuildPhase section */

/* Begin PBXGroup section */
		550B9E3E2636A52B00CA8613 = {
			isa = PBXGroup;
			children = (
				550B9E492636A52B00CA8613 /* VideoRangeSlider */,
				550B9E482636A52B00CA8613 /* Products */,
			);
			sourceTree = "<group>";
		};
		550B9E482636A52B00CA8613 /* Products */ = {
			isa = PBXGroup;
			children = (
				550B9E472636A52B00CA8613 /* VideoRangeSlider.app */,
			);
			name = Products;
			sourceTree = "<group>";
		};
		550B9E492636A52B00CA8613 /* VideoRangeSlider */ = {
			isa = PBXGroup;
			children = (
				550B9E4E2636A52B00CA8613 /* ViewController.swift */,
				550B9EC92636BD3700CA8613 /* ABVideoRange */,
				550B9E632636A62D00CA8613 /* Support */,
				550B9E582636A52D00CA8613 /* Info.plist */,
			);
			path = VideoRangeSlider;
			sourceTree = "<group>";
		};
		550B9E632636A62D00CA8613 /* Support */ = {
			isa = PBXGroup;
			children = (
				550B9E502636A52B00CA8613 /* Main.storyboard */,
				550B9E4A2636A52B00CA8613 /* AppDelegate.swift */,
				550B9E4C2636A52B00CA8613 /* SceneDelegate.swift */,
				550B9E532636A52D00CA8613 /* Assets.xcassets */,
				550B9E552636A52D00CA8613 /* LaunchScreen.storyboard */,
				550B9E652636A6F500CA8613 /* video.MP4 */,
			);
			path = Support;
			sourceTree = "<group>";
		};
		550B9EC92636BD3700CA8613 /* ABVideoRange */ = {
			isa = PBXGroup;
			children = (
				550B9EB72636BB7D00CA8613 /* ABProgressIndicator.swift */,
				550B9EB42636BB6800CA8613 /* ABVideoHelper.swift */,
				550B9EA92636BAB800CA8613 /* VideoRangeSlider.swift */,
				550B9EB12636BB3700CA8613 /* VideoThumbnailsManager.swift */,
			);
			path = ABVideoRange;
			sourceTree = "<group>";
		};
/* End PBXGroup section */

/* Begin PBXNativeTarget section */
		550B9E462636A52B00CA8613 /* VideoRangeSlider */ = {
			isa = PBXNativeTarget;
			buildConfigurationList = 550B9E5B2636A52D00CA8613 /* Build configuration list for PBXNativeTarget "VideoRangeSlider" */;
			buildPhases = (
				550B9E432636A52B00CA8613 /* Sources */,
				550B9E442636A52B00CA8613 /* Frameworks */,
				550B9E452636A52B00CA8613 /* Resources */,
			);
			buildRules = (
			);
			dependencies = (
			);
			name = VideoRangeSlider;
			productName = VideoRangeSlider;
			productReference = 550B9E472636A52B00CA8613 /* VideoRangeSlider.app */;
			productType = "com.apple.product-type.application";
		};
/* End PBXNativeTarget section */

/* Begin PBXProject section */
		550B9E3F2636A52B00CA8613 /* Project object */ = {
			isa = PBXProject;
			attributes = {
				LastSwiftUpdateCheck = 1240;
				LastUpgradeCheck = 1240;
				TargetAttributes = {
					550B9E462636A52B00CA8613 = {
						CreatedOnToolsVersion = 12.4;
					};
				};
			};
			buildConfigurationList = 550B9E422636A52B00CA8613 /* Build configuration list for PBXProject "VideoRangeSlider" */;
			compatibilityVersion = "Xcode 9.3";
			developmentRegion = en;
			hasScannedForEncodings = 0;
			knownRegions = (
				en,
				Base,
			);
			mainGroup = 550B9E3E2636A52B00CA8613;
			productRefGroup = 550B9E482636A52B00CA8613 /* Products */;
			projectDirPath = "";
			projectRoot = "";
			targets = (
				550B9E462636A52B00CA8613 /* VideoRangeSlider */,
			);
		};
/* End PBXProject section */

/* Begin PBXResourcesBuildPhase section */
		550B9E452636A52B00CA8613 /* Resources */ = {
			isa = PBXResourcesBuildPhase;
			buildActionMask = 2147483647;
			files = (
				550B9E572636A52D00CA8613 /* LaunchScreen.storyboard in Resources */,
				550B9E542636A52D00CA8613 /* Assets.xcassets in Resources */,
				550B9E522636A52B00CA8613 /* Main.storyboard in Resources */,
				550B9E662636A6F500CA8613 /* video.MP4 in Resources */,
			);
			runOnlyForDeploymentPostprocessing = 0;
		};
/* End PBXResourcesBuildPhase section */

/* Begin PBXSourcesBuildPhase section */
		550B9E432636A52B00CA8613 /* Sources */ = {
			isa = PBXSourcesBuildPhase;
			buildActionMask = 2147483647;
			files = (
				550B9EAA2636BAB800CA8613 /* VideoRangeSlider.swift in Sources */,
				550B9E4F2636A52B00CA8613 /* ViewController.swift in Sources */,
				550B9E4B2636A52B00CA8613 /* AppDelegate.swift in Sources */,
				550B9E4D2636A52B00CA8613 /* SceneDelegate.swift in Sources */,
				550B9EB52636BB6800CA8613 /* ABVideoHelper.swift in Sources */,
				550B9EB82636BB7D00CA8613 /* ABProgressIndicator.swift in Sources */,
				550B9EB22636BB3700CA8613 /* VideoThumbnailsManager.swift in Sources */,
			);
			runOnlyForDeploymentPostprocessing = 0;
		};
/* End PBXSourcesBuildPhase section */

/* Begin PBXVariantGroup section */
		550B9E502636A52B00CA8613 /* Main.storyboard */ = {
			isa = PBXVariantGroup;
			children = (
				550B9E512636A52B00CA8613 /* Base */,
			);
			name = Main.storyboard;
			sourceTree = "<group>";
		};
		550B9E552636A52D00CA8613 /* LaunchScreen.storyboard */ = {
			isa = PBXVariantGroup;
			children = (
				550B9E562636A52D00CA8613 /* Base */,
			);
			name = LaunchScreen.storyboard;
			sourceTree = "<group>";
		};
/* End PBXVariantGroup section */

/* Begin XCBuildConfiguration section */
		550B9E592636A52D00CA8613 /* Debug */ = {
			isa = XCBuildConfiguration;
			buildSettings = {
				ALWAYS_SEARCH_USER_PATHS = NO;
				CLANG_ANALYZER_NONNULL = YES;
				CLANG_ANALYZER_NUMBER_OBJECT_CONVERSION = YES_AGGRESSIVE;
				CLANG_CXX_LANGUAGE_STANDARD = "gnu++14";
				CLANG_CXX_LIBRARY = "libc++";
				CLANG_ENABLE_MODULES = YES;
				CLANG_ENABLE_OBJC_ARC = YES;
				CLANG_ENABLE_OBJC_WEAK = YES;
				CLANG_WARN_BLOCK_CAPTURE_AUTORELEASING = YES;
				CLANG_WARN_BOOL_CONVERSION = YES;
				CLANG_WARN_COMMA = YES;
				CLANG_WARN_CONSTANT_CONVERSION = YES;
				CLANG_WARN_DEPRECATED_OBJC_IMPLEMENTATIONS = YES;
				CLANG_WARN_DIRECT_OBJC_ISA_USAGE = YES_ERROR;
				CLANG_WARN_DOCUMENTATION_COMMENTS = YES;
				CLANG_WARN_EMPTY_BODY = YES;
				CLANG_WARN_ENUM_CONVERSION = YES;
				CLANG_WARN_INFINITE_RECURSION = YES;
				CLANG_WARN_INT_CONVERSION = YES;
				CLANG_WARN_NON_LITERAL_NULL_CONVERSION = YES;
				CLANG_WARN_OBJC_IMPLICIT_RETAIN_SELF = YES;
				CLANG_WARN_OBJC_LITERAL_CONVERSION = YES;
				CLANG_WARN_OBJC_ROOT_CLASS = YES_ERROR;
				CLANG_WARN_QUOTED_INCLUDE_IN_FRAMEWORK_HEADER = YES;
				CLANG_WARN_RANGE_LOOP_ANALYSIS = YES;
				CLANG_WARN_STRICT_PROTOTYPES = YES;
				CLANG_WARN_SUSPICIOUS_MOVE = YES;
				CLANG_WARN_UNGUARDED_AVAILABILITY = YES_AGGRESSIVE;
				CLANG_WARN_UNREACHABLE_CODE = YES;
				CLANG_WARN__DUPLICATE_METHOD_MATCH = YES;
				COPY_PHASE_STRIP = NO;
				DEBUG_INFORMATION_FORMAT = dwarf;
				ENABLE_STRICT_OBJC_MSGSEND = YES;
				ENABLE_TESTABILITY = YES;
				GCC_C_LANGUAGE_STANDARD = gnu11;
				GCC_DYNAMIC_NO_PIC = NO;
				GCC_NO_COMMON_BLOCKS = YES;
				GCC_OPTIMIZATION_LEVEL = 0;
				GCC_PREPROCESSOR_DEFINITIONS = (
					"DEBUG=1",
					"$(inherited)",
				);
				GCC_WARN_64_TO_32_BIT_CONVERSION = YES;
				GCC_WARN_ABOUT_RETURN_TYPE = YES_ERROR;
				GCC_WARN_UNDECLARED_SELECTOR = YES;
				GCC_WARN_UNINITIALIZED_AUTOS = YES_AGGRESSIVE;
				GCC_WARN_UNUSED_FUNCTION = YES;
				GCC_WARN_UNUSED_VARIABLE = YES;
				IPHONEOS_DEPLOYMENT_TARGET = 14.4;
				MTL_ENABLE_DEBUG_INFO = INCLUDE_SOURCE;
				MTL_FAST_MATH = YES;
				ONLY_ACTIVE_ARCH = YES;
				SDKROOT = iphoneos;
				SWIFT_ACTIVE_COMPILATION_CONDITIONS = DEBUG;
				SWIFT_OPTIMIZATION_LEVEL = "-Onone";
			};
			name = Debug;
		};
		550B9E5A2636A52D00CA8613 /* Release */ = {
			isa = XCBuildConfiguration;
			buildSettings = {
				ALWAYS_SEARCH_USER_PATHS = NO;
				CLANG_ANALYZER_NONNULL = YES;
				CLANG_ANALYZER_NUMBER_OBJECT_CONVERSION = YES_AGGRESSIVE;
				CLANG_CXX_LANGUAGE_STANDARD = "gnu++14";
				CLANG_CXX_LIBRARY = "libc++";
				CLANG_ENABLE_MODULES = YES;
				CLANG_ENABLE_OBJC_ARC = YES;
				CLANG_ENABLE_OBJC_WEAK = YES;
				CLANG_WARN_BLOCK_CAPTURE_AUTORELEASING = YES;
				CLANG_WARN_BOOL_CONVERSION = YES;
				CLANG_WARN_COMMA = YES;
				CLANG_WARN_CONSTANT_CONVERSION = YES;
				CLANG_WARN_DEPRECATED_OBJC_IMPLEMENTATIONS = YES;
				CLANG_WARN_DIRECT_OBJC_ISA_USAGE = YES_ERROR;
				CLANG_WARN_DOCUMENTATION_COMMENTS = YES;
				CLANG_WARN_EMPTY_BODY = YES;
				CLANG_WARN_ENUM_CONVERSION = YES;
				CLANG_WARN_INFINITE_RECURSION = YES;
				CLANG_WARN_INT_CONVERSION = YES;
				CLANG_WARN_NON_LITERAL_NULL_CONVERSION = YES;
				CLANG_WARN_OBJC_IMPLICIT_RETAIN_SELF = YES;
				CLANG_WARN_OBJC_LITERAL_CONVERSION = YES;
				CLANG_WARN_OBJC_ROOT_CLASS = YES_ERROR;
				CLANG_WARN_QUOTED_INCLUDE_IN_FRAMEWORK_HEADER = YES;
				CLANG_WARN_RANGE_LOOP_ANALYSIS = YES;
				CLANG_WARN_STRICT_PROTOTYPES = YES;
				CLANG_WARN_SUSPICIOUS_MOVE = YES;
				CLANG_WARN_UNGUARDED_AVAILABILITY = YES_AGGRESSIVE;
				CLANG_WARN_UNREACHABLE_CODE = YES;
				CLANG_WARN__DUPLICATE_METHOD_MATCH = YES;
				COPY_PHASE_STRIP = NO;
				DEBUG_INFORMATION_FORMAT = "dwarf-with-dsym";
				ENABLE_NS_ASSERTIONS = NO;
				ENABLE_STRICT_OBJC_MSGSEND = YES;
				GCC_C_LANGUAGE_STANDARD = gnu11;
				GCC_NO_COMMON_BLOCKS = YES;
				GCC_WARN_64_TO_32_BIT_CONVERSION = YES;
				GCC_WARN_ABOUT_RETURN_TYPE = YES_ERROR;
				GCC_WARN_UNDECLARED_SELECTOR = YES;
				GCC_WARN_UNINITIALIZED_AUTOS = YES_AGGRESSIVE;
				GCC_WARN_UNUSED_FUNCTION = YES;
				GCC_WARN_UNUSED_VARIABLE = YES;
				IPHONEOS_DEPLOYMENT_TARGET = 14.4;
				MTL_ENABLE_DEBUG_INFO = NO;
				MTL_FAST_MATH = YES;
				SDKROOT = iphoneos;
				SWIFT_COMPILATION_MODE = wholemodule;
				SWIFT_OPTIMIZATION_LEVEL = "-O";
				VALIDATE_PRODUCT = YES;
			};
			name = Release;
		};
		550B9E5C2636A52D00CA8613 /* Debug */ = {
			isa = XCBuildConfiguration;
			buildSettings = {
				ASSETCATALOG_COMPILER_APPICON_NAME = AppIcon;
				ASSETCATALOG_COMPILER_GLOBAL_ACCENT_COLOR_NAME = AccentColor;
				CODE_SIGN_STYLE = Automatic;
				DEVELOPMENT_TEAM = ZAD3RQ6R75;
				INFOPLIST_FILE = VideoRangeSlider/Info.plist;
				LD_RUNPATH_SEARCH_PATHS = (
					"$(inherited)",
					"@executable_path/Frameworks",
				);
				PRODUCT_BUNDLE_IDENTIFIER = com.pressure.VideoRangeSlider;
				PRODUCT_NAME = "$(TARGET_NAME)";
				SWIFT_VERSION = 5.0;
				TARGETED_DEVICE_FAMILY = 1;
			};
			name = Debug;
		};
		550B9E5D2636A52D00CA8613 /* Release */ = {
			isa = XCBuildConfiguration;
			buildSettings = {
				ASSETCATALOG_COMPILER_APPICON_NAME = AppIcon;
				ASSETCATALOG_COMPILER_GLOBAL_ACCENT_COLOR_NAME = AccentColor;
				CODE_SIGN_STYLE = Automatic;
				DEVELOPMENT_TEAM = ZAD3RQ6R75;
				INFOPLIST_FILE = VideoRangeSlider/Info.plist;
				LD_RUNPATH_SEARCH_PATHS = (
					"$(inherited)",
					"@executable_path/Frameworks",
				);
				PRODUCT_BUNDLE_IDENTIFIER = com.pressure.VideoRangeSlider;
				PRODUCT_NAME = "$(TARGET_NAME)";
				SWIFT_VERSION = 5.0;
				TARGETED_DEVICE_FAMILY = 1;
			};
			name = Release;
		};
/* End XCBuildConfiguration section */

/* Begin XCConfigurationList section */
		550B9E422636A52B00CA8613 /* Build configuration list for PBXProject "VideoRangeSlider" */ = {
			isa = XCConfigurationList;
			buildConfigurations = (
				550B9E592636A52D00CA8613 /* Debug */,
				550B9E5A2636A52D00CA8613 /* Release */,
			);
			defaultConfigurationIsVisible = 0;
			defaultConfigurationName = Release;
		};
		550B9E5B2636A52D00CA8613 /* Build configuration list for PBXNativeTarget "VideoRangeSlider" */ = {
			isa = XCConfigurationList;
			buildConfigurations = (
				550B9E5C2636A52D00CA8613 /* Debug */,
				550B9E5D2636A52D00CA8613 /* Release */,
			);
			defaultConfigurationIsVisible = 0;
			defaultConfigurationName = Release;
		};
/* End XCConfigurationList section */
	};
	rootObject = 550B9E3F2636A52B00CA8613 /* Project object */;
}
